
Microsoft Visual Studio Solution File, Format Version 12.00
# Visual Studio 14
VisualStudioVersion = 14.0.23107.0
MinimumVisualStudioVersion = 10.0.40219.1
Project("{2150E333-8FDC-42A3-9474-1A3956D46DE8}") = "Foundation", "Foundation", "{06817846-3C85-4145-B722-6E3E75DC0098}"
EndProject
Project("{2150E333-8FDC-42A3-9474-1A3956D46DE8}") = "Dictionary", "Dictionary", "{8D9CCB97-11B5-44DF-A9C5-E546F5A7E86E}"
EndProject
Project("{2150E333-8FDC-42A3-9474-1A3956D46DE8}") = "SitecoreCache", "SitecoreCache", "{7866CD7C-BF61-49D6-8456-E8BF190F6BEA}"
EndProject
Project("{2150E333-8FDC-42A3-9474-1A3956D46DE8}") = "DependencyInjection", "DependencyInjection", "{E4ED6379-3C56-45DB-B7D9-498DB8EA6D23}"
EndProject
Project("{2150E333-8FDC-42A3-9474-1A3956D46DE8}") = "Indexing", "Indexing", "{69AFC98B-25AE-44A0-95AC-FB641221FE95}"
EndProject
Project("{FAE04EC0-301F-11D3-BF4B-00C04F79EFBC}") = "Sitecore.Foundation.Indexing", "src\Foundation\Indexing\code\Sitecore.Foundation.Indexing.csproj", "{9C526D6E-0625-468C-A27C-F19F249A95E6}"
EndProject
Project("{2150E333-8FDC-42A3-9474-1A3956D46DE8}") = "SitecoreExtensions", "SitecoreExtensions", "{5B521AF3-6B69-4662-A027-9C244E77CBA9}"
EndProject
Project("{FAE04EC0-301F-11D3-BF4B-00C04F79EFBC}") = "Sitecore.Foundation.SitecoreExtensions", "src\Foundation\SitecoreExtensions\code\Sitecore.Foundation.SitecoreExtensions.csproj", "{61B11686-0609-40EC-A11C-13E109AA0BA4}"
EndProject
Project("{FAE04EC0-301F-11D3-BF4B-00C04F79EFBC}") = "Sitecore.Foundation.Dictionary", "src\Foundation\Dictionary\code\Sitecore.Foundation.Dictionary.csproj", "{CC87BA5F-5993-47C2-BDCF-F3CBA3E18267}"
EndProject
Project("{FAE04EC0-301F-11D3-BF4B-00C04F79EFBC}") = "Sitecore.Foundation.SitecoreCache", "src\Foundation\SitecoreCache\code\Sitecore.Foundation.SitecoreCache.csproj", "{8B82AF87-97C1-4356-96F7-E19B748EC7B8}"
EndProject
Project("{FAE04EC0-301F-11D3-BF4B-00C04F79EFBC}") = "Sitecore.Foundation.DependencyInjection", "src\Foundation\DependencyInjection\code\Sitecore.Foundation.DependencyInjection.csproj", "{FC5B2A8A-1FA6-4F4E-BC19-3735870DF132}"
EndProject
Global
	GlobalSection(SolutionConfigurationPlatforms) = preSolution
		Debug|Any CPU = Debug|Any CPU
		Release|Any CPU = Release|Any CPU
	EndGlobalSection
	GlobalSection(ProjectConfigurationPlatforms) = postSolution
		{9C526D6E-0625-468C-A27C-F19F249A95E6}.Debug|Any CPU.ActiveCfg = Debug|Any CPU
		{9C526D6E-0625-468C-A27C-F19F249A95E6}.Debug|Any CPU.Build.0 = Debug|Any CPU
		{9C526D6E-0625-468C-A27C-F19F249A95E6}.Release|Any CPU.ActiveCfg = Release|Any CPU
		{9C526D6E-0625-468C-A27C-F19F249A95E6}.Release|Any CPU.Build.0 = Release|Any CPU
		{61B11686-0609-40EC-A11C-13E109AA0BA4}.Debug|Any CPU.ActiveCfg = Debug|Any CPU
		{61B11686-0609-40EC-A11C-13E109AA0BA4}.Debug|Any CPU.Build.0 = Debug|Any CPU
		{61B11686-0609-40EC-A11C-13E109AA0BA4}.Release|Any CPU.ActiveCfg = Release|Any CPU
		{61B11686-0609-40EC-A11C-13E109AA0BA4}.Release|Any CPU.Build.0 = Release|Any CPU
		{CC87BA5F-5993-47C2-BDCF-F3CBA3E18267}.Debug|Any CPU.ActiveCfg = Debug|Any CPU
		{CC87BA5F-5993-47C2-BDCF-F3CBA3E18267}.Debug|Any CPU.Build.0 = Debug|Any CPU
		{CC87BA5F-5993-47C2-BDCF-F3CBA3E18267}.Release|Any CPU.ActiveCfg = Release|Any CPU
		{CC87BA5F-5993-47C2-BDCF-F3CBA3E18267}.Release|Any CPU.Build.0 = Release|Any CPU
		{8B82AF87-97C1-4356-96F7-E19B748EC7B8}.Debug|Any CPU.ActiveCfg = Debug|Any CPU
		{8B82AF87-97C1-4356-96F7-E19B748EC7B8}.Debug|Any CPU.Build.0 = Debug|Any CPU
		{8B82AF87-97C1-4356-96F7-E19B748EC7B8}.Release|Any CPU.ActiveCfg = Release|Any CPU
		{8B82AF87-97C1-4356-96F7-E19B748EC7B8}.Release|Any CPU.Build.0 = Release|Any CPU
		{FC5B2A8A-1FA6-4F4E-BC19-3735870DF132}.Debug|Any CPU.ActiveCfg = Debug|Any CPU
		{FC5B2A8A-1FA6-4F4E-BC19-3735870DF132}.Debug|Any CPU.Build.0 = Debug|Any CPU
		{FC5B2A8A-1FA6-4F4E-BC19-3735870DF132}.Release|Any CPU.ActiveCfg = Release|Any CPU
		{FC5B2A8A-1FA6-4F4E-BC19-3735870DF132}.Release|Any CPU.Build.0 = Release|Any CPU
	EndGlobalSection
	GlobalSection(SolutionProperties) = preSolution
		HideSolutionNode = FALSE
	EndGlobalSection
	GlobalSection(NestedProjects) = preSolution
		{8D9CCB97-11B5-44DF-A9C5-E546F5A7E86E} = {06817846-3C85-4145-B722-6E3E75DC0098}
		{7866CD7C-BF61-49D6-8456-E8BF190F6BEA} = {06817846-3C85-4145-B722-6E3E75DC0098}
		{E4ED6379-3C56-45DB-B7D9-498DB8EA6D23} = {06817846-3C85-4145-B722-6E3E75DC0098}
		{69AFC98B-25AE-44A0-95AC-FB641221FE95} = {06817846-3C85-4145-B722-6E3E75DC0098}
		{9C526D6E-0625-468C-A27C-F19F249A95E6} = {69AFC98B-25AE-44A0-95AC-FB641221FE95}
		{5B521AF3-6B69-4662-A027-9C244E77CBA9} = {06817846-3C85-4145-B722-6E3E75DC0098}
		{61B11686-0609-40EC-A11C-13E109AA0BA4} = {5B521AF3-6B69-4662-A027-9C244E77CBA9}
		{CC87BA5F-5993-47C2-BDCF-F3CBA3E18267} = {8D9CCB97-11B5-44DF-A9C5-E546F5A7E86E}
		{8B82AF87-97C1-4356-96F7-E19B748EC7B8} = {7866CD7C-BF61-49D6-8456-E8BF190F6BEA}
		{FC5B2A8A-1FA6-4F4E-BC19-3735870DF132} = {E4ED6379-3C56-45DB-B7D9-498DB8EA6D23}
	EndGlobalSection
EndGlobal
